
Microsoft Visual Studio Solution File, Format Version 12.00
# Visual Studio Version 17
VisualStudioVersion = 17.7.34031.279
MinimumVisualStudioVersion = 10.0.40219.1
Project("{FAE04EC0-301F-11D3-BF4B-00C04F79EFBC}") = "HonestAuto", "HonestAuto.csproj", "{DD292E4C-B07E-461C-9ABB-E5B42485500B}"
EndProject
Global
	GlobalSection(SolutionConfigurationPlatforms) = preSolution
		Debug|Any CPU = Debug|Any CPU
		Release|Any CPU = Release|Any CPU
	EndGlobalSection
	GlobalSection(ProjectConfigurationPlatforms) = postSolution
		{DD292E4C-B07E-461C-9ABB-E5B42485500B}.Debug|Any CPU.ActiveCfg = Debug|Any CPU
		{DD292E4C-B07E-461C-9ABB-E5B42485500B}.Debug|Any CPU.Build.0 = Debug|Any CPU
		{DD292E4C-B07E-461C-9ABB-E5B42485500B}.Release|Any CPU.ActiveCfg = Release|Any CPU
		{DD292E4C-B07E-461C-9ABB-E5B42485500B}.Release|Any CPU.Build.0 = Release|Any CPU
	EndGlobalSection
	GlobalSection(SolutionProperties) = preSolution
		HideSolutionNode = FALSE
	EndGlobalSection
	GlobalSection(ExtensibilityGlobals) = postSolution
		SolutionGuid = {A88D3F27-4F89-482F-860A-CC9912D9B636}
	EndGlobalSection
EndGlobal
